
Microsoft Visual Studio Solution File, Format Version 12.00
# Visual Studio Version 16
VisualStudioVersion = 16.0.31729.503
MinimumVisualStudioVersion = 10.0.40219.1
Project("{9A19103F-16F7-4668-BE54-9A1E7A4F7556}") = "Enigma", "Enigma\Enigma.csproj", "{50D93BF6-EFAB-46CF-873C-86B8B07A2B56}"
EndProject
Global
	GlobalSection(SolutionConfigurationPlatforms) = preSolution
		Debug|Any CPU = Debug|Any CPU
		Release|Any CPU = Release|Any CPU
	EndGlobalSection
	GlobalSection(ProjectConfigurationPlatforms) = postSolution
		{50D93BF6-EFAB-46CF-873C-86B8B07A2B56}.Debug|Any CPU.ActiveCfg = Debug|Any CPU
		{50D93BF6-EFAB-46CF-873C-86B8B07A2B56}.Debug|Any CPU.Build.0 = Debug|Any CPU
		{50D93BF6-EFAB-46CF-873C-86B8B07A2B56}.Release|Any CPU.ActiveCfg = Release|Any CPU
		{50D93BF6-EFAB-46CF-873C-86B8B07A2B56}.Release|Any CPU.Build.0 = Release|Any CPU
	EndGlobalSection
	GlobalSection(SolutionProperties) = preSolution
		HideSolutionNode = FALSE
	EndGlobalSection
	GlobalSection(ExtensibilityGlobals) = postSolution
		SolutionGuid = {413F3C40-556B-4D8F-A135-AB275178E1B4}
	EndGlobalSection
EndGlobal
